// !$*UTF8*$!
{
	archiveVersion = 1;
	classes = {
	};
	objectVersion = 55;
	objects = {

/* Begin PBXBuildFile section */
		07DB4048DD2E2E9613AD56C1 /* Pods_authenticationFire.framework in Frameworks */ = {isa = PBXBuildFile; fileRef = 575751598E68EF8A9BA4F62A /* Pods_authenticationFire.framework */; };
		1538699B29DFE5CD003747DD /* AppDelegate.swift in Sources */ = {isa = PBXBuildFile; fileRef = 1538699A29DFE5CD003747DD /* AppDelegate.swift */; };
		1538699D29DFE5CD003747DD /* SceneDelegate.swift in Sources */ = {isa = PBXBuildFile; fileRef = 1538699C29DFE5CD003747DD /* SceneDelegate.swift */; };
		1538699F29DFE5CD003747DD /* ViewController.swift in Sources */ = {isa = PBXBuildFile; fileRef = 1538699E29DFE5CD003747DD /* ViewController.swift */; };
		153869A229DFE5CD003747DD /* Main.storyboard in Resources */ = {isa = PBXBuildFile; fileRef = 153869A029DFE5CD003747DD /* Main.storyboard */; };
		153869A429DFE5CF003747DD /* Assets.xcassets in Resources */ = {isa = PBXBuildFile; fileRef = 153869A329DFE5CF003747DD /* Assets.xcassets */; };
		153869A729DFE5CF003747DD /* LaunchScreen.storyboard in Resources */ = {isa = PBXBuildFile; fileRef = 153869A529DFE5CF003747DD /* LaunchScreen.storyboard */; };
		153869C629E0213A003747DD /* GoogleService-Info.plist in Resources */ = {isa = PBXBuildFile; fileRef = 153869C529E0213A003747DD /* GoogleService-Info.plist */; };
/* End PBXBuildFile section */

/* Begin PBXFileReference section */
		0813A4E8FA6977349BC42C66 /* Pods-authenticationFire.debug.xcconfig */ = {isa = PBXFileReference; includeInIndex = 1; lastKnownFileType = text.xcconfig; name = "Pods-authenticationFire.debug.xcconfig"; path = "Target Support Files/Pods-authenticationFire/Pods-authenticationFire.debug.xcconfig"; sourceTree = "<group>"; };
		1538699729DFE5CD003747DD /* authenticationFire.app */ = {isa = PBXFileReference; explicitFileType = wrapper.application; includeInIndex = 0; path = authenticationFire.app; sourceTree = BUILT_PRODUCTS_DIR; };
		1538699A29DFE5CD003747DD /* AppDelegate.swift */ = {isa = PBXFileReference; lastKnownFileType = sourcecode.swift; path = AppDelegate.swift; sourceTree = "<group>"; };
		1538699C29DFE5CD003747DD /* SceneDelegate.swift */ = {isa = PBXFileReference; lastKnownFileType = sourcecode.swift; path = SceneDelegate.swift; sourceTree = "<group>"; };
		1538699E29DFE5CD003747DD /* ViewController.swift */ = {isa = PBXFileReference; lastKnownFileType = sourcecode.swift; path = ViewController.swift; sourceTree = "<group>"; };
		153869A129DFE5CD003747DD /* Base */ = {isa = PBXFileReference; lastKnownFileType = file.storyboard; name = Base; path = Base.lproj/Main.storyboard; sourceTree = "<group>"; };
		153869A329DFE5CF003747DD /* Assets.xcassets */ = {isa = PBXFileReference; lastKnownFileType = folder.assetcatalog; path = Assets.xcassets; sourceTree = "<group>"; };
		153869A629DFE5CF003747DD /* Base */ = {isa = PBXFileReference; lastKnownFileType = file.storyboard; name = Base; path = Base.lproj/LaunchScreen.storyboard; sourceTree = "<group>"; };
		153869A829DFE5CF003747DD /* Info.plist */ = {isa = PBXFileReference; lastKnownFileType = text.plist.xml; path = Info.plist; sourceTree = "<group>"; };
		153869C529E0213A003747DD /* GoogleService-Info.plist */ = {isa = PBXFileReference; fileEncoding = 4; lastKnownFileType = text.plist.xml; path = "GoogleService-Info.plist"; sourceTree = "<group>"; };
		575751598E68EF8A9BA4F62A /* Pods_authenticationFire.framework */ = {isa = PBXFileReference; explicitFileType = wrapper.framework; includeInIndex = 0; path = Pods_authenticationFire.framework; sourceTree = BUILT_PRODUCTS_DIR; };
		A873C5EEED662856528B74A5 /* Pods-authenticationFire.release.xcconfig */ = {isa = PBXFileReference; includeInIndex = 1; lastKnownFileType = text.xcconfig; name = "Pods-authenticationFire.release.xcconfig"; path = "Target Support Files/Pods-authenticationFire/Pods-authenticationFire.release.xcconfig"; sourceTree = "<group>"; };
/* End PBXFileReference section */

/* Begin PBXFrameworksBuildPhase section */
		1538699429DFE5CD003747DD /* Frameworks */ = {
			isa = PBXFrameworksBuildPhase;
			buildActionMask = 2147483647;
			files = (
				07DB4048DD2E2E9613AD56C1 /* Pods_authenticationFire.framework in Frameworks */,
			);
			runOnlyForDeploymentPostprocessing = 0;
		};
/* End PBXFrameworksBuildPhase section */

/* Begin PBXGroup section */
		1538698E29DFE5CD003747DD = {
			isa = PBXGroup;
			children = (
				1538699929DFE5CD003747DD /* authenticationFire */,
				1538699829DFE5CD003747DD /* Products */,
				53C609FE8F2B252A76231068 /* Pods */,
				E891B7599066406FB7F63388 /* Frameworks */,
			);
			sourceTree = "<group>";
		};
		1538699829DFE5CD003747DD /* Products */ = {
			isa = PBXGroup;
			children = (
				1538699729DFE5CD003747DD /* authenticationFire.app */,
			);
			name = Products;
			sourceTree = "<group>";
		};
		1538699929DFE5CD003747DD /* authenticationFire */ = {
			isa = PBXGroup;
			children = (
				1538699A29DFE5CD003747DD /* AppDelegate.swift */,
				1538699C29DFE5CD003747DD /* SceneDelegate.swift */,
				1538699E29DFE5CD003747DD /* ViewController.swift */,
				153869A029DFE5CD003747DD /* Main.storyboard */,
				153869A329DFE5CF003747DD /* Assets.xcassets */,
				153869A529DFE5CF003747DD /* LaunchScreen.storyboard */,
				153869C529E0213A003747DD /* GoogleService-Info.plist */,
				153869A829DFE5CF003747DD /* Info.plist */,
			);
			path = authenticationFire;
			sourceTree = "<group>";
		};
		53C609FE8F2B252A76231068 /* Pods */ = {
			isa = PBXGroup;
			children = (
				0813A4E8FA6977349BC42C66 /* Pods-authenticationFire.debug.xcconfig */,
				A873C5EEED662856528B74A5 /* Pods-authenticationFire.release.xcconfig */,
			);
			path = Pods;
			sourceTree = "<group>";
		};
		E891B7599066406FB7F63388 /* Frameworks */ = {
			isa = PBXGroup;
			children = (
				575751598E68EF8A9BA4F62A /* Pods_authenticationFire.framework */,
			);
			name = Frameworks;
			sourceTree = "<group>";
		};
/* End PBXGroup section */

/* Begin PBXNativeTarget section */
		1538699629DFE5CD003747DD /* authenticationFire */ = {
			isa = PBXNativeTarget;
			buildConfigurationList = 153869AB29DFE5CF003747DD /* Build configuration list for PBXNativeTarget "authenticationFire" */;
			buildPhases = (
				5AA4611CE42D8CA5C2B8DD9E /* [CP] Check Pods Manifest.lock */,
				1538699329DFE5CD003747DD /* Sources */,
				1538699429DFE5CD003747DD /* Frameworks */,
				1538699529DFE5CD003747DD /* Resources */,
				76FFCC060010C7474EDB3B17 /* [CP] Embed Pods Frameworks */,
			);
			buildRules = (
			);
			dependencies = (
			);
			name = authenticationFire;
			productName = authenticationFire;
			productReference = 1538699729DFE5CD003747DD /* authenticationFire.app */;
			productType = "com.apple.product-type.application";
		};
/* End PBXNativeTarget section */

/* Begin PBXProject section */
		1538698F29DFE5CD003747DD /* Project object */ = {
			isa = PBXProject;
			attributes = {
				BuildIndependentTargetsInParallel = 1;
				LastSwiftUpdateCheck = 1410;
				LastUpgradeCheck = 1410;
				TargetAttributes = {
					1538699629DFE5CD003747DD = {
						CreatedOnToolsVersion = 14.1;
					};
				};
			};
			buildConfigurationList = 1538699229DFE5CD003747DD /* Build configuration list for PBXProject "authenticationFire" */;
			compatibilityVersion = "Xcode 13.0";
			developmentRegion = en;
			hasScannedForEncodings = 0;
			knownRegions = (
				en,
				Base,
			);
			mainGroup = 1538698E29DFE5CD003747DD;
			productRefGroup = 1538699829DFE5CD003747DD /* Products */;
			projectDirPath = "";
			projectRoot = "";
			targets = (
				1538699629DFE5CD003747DD /* authenticationFire */,
			);
		};
/* End PBXProject section */

/* Begin PBXResourcesBuildPhase section */
		1538699529DFE5CD003747DD /* Resources */ = {
			isa = PBXResourcesBuildPhase;
			buildActionMask = 2147483647;
			files = (
				153869A729DFE5CF003747DD /* LaunchScreen.storyboard in Resources */,
				153869C629E0213A003747DD /* GoogleService-Info.plist in Resources */,
				153869A429DFE5CF003747DD /* Assets.xcassets in Resources */,
				153869A229DFE5CD003747DD /* Main.storyboard in Resources */,
			);
			runOnlyForDeploymentPostprocessing = 0;
		};
/* End PBXResourcesBuildPhase section */

/* Begin PBXShellScriptBuildPhase section */
		5AA4611CE42D8CA5C2B8DD9E /* [CP] Check Pods Manifest.lock */ = {
			isa = PBXShellScriptBuildPhase;
			buildActionMask = 2147483647;
			files = (
			);
			inputFileListPaths = (
			);
			inputPaths = (
				"${PODS_PODFILE_DIR_PATH}/Podfile.lock",
				"${PODS_ROOT}/Manifest.lock",
			);
			name = "[CP] Check Pods Manifest.lock";
			outputFileListPaths = (
			);
			outputPaths = (
				"$(DERIVED_FILE_DIR)/Pods-authenticationFire-checkManifestLockResult.txt",
			);
			runOnlyForDeploymentPostprocessing = 0;
			shellPath = /bin/sh;
			shellScript = "diff \"${PODS_PODFILE_DIR_PATH}/Podfile.lock\" \"${PODS_ROOT}/Manifest.lock\" > /dev/null\nif [ $? != 0 ] ; then\n    # print error to STDERR\n    echo \"error: The sandbox is not in sync with the Podfile.lock. Run 'pod install' or update your CocoaPods installation.\" >&2\n    exit 1\nfi\n# This output is used by Xcode 'outputs' to avoid re-running this script phase.\necho \"SUCCESS\" > \"${SCRIPT_OUTPUT_FILE_0}\"\n";
			showEnvVarsInLog = 0;
		};
		76FFCC060010C7474EDB3B17 /* [CP] Embed Pods Frameworks */ = {
			isa = PBXShellScriptBuildPhase;
			buildActionMask = 2147483647;
			files = (
			);
			inputFileListPaths = (
				"${PODS_ROOT}/Target Support Files/Pods-authenticationFire/Pods-authenticationFire-frameworks-${CONFIGURATION}-input-files.xcfilelist",
			);
			name = "[CP] Embed Pods Frameworks";
			outputFileListPaths = (
				"${PODS_ROOT}/Target Support Files/Pods-authenticationFire/Pods-authenticationFire-frameworks-${CONFIGURATION}-output-files.xcfilelist",
			);
			runOnlyForDeploymentPostprocessing = 0;
			shellPath = /bin/sh;
			shellScript = "\"${PODS_ROOT}/Target Support Files/Pods-authenticationFire/Pods-authenticationFire-frameworks.sh\"\n";
			showEnvVarsInLog = 0;
		};
/* End PBXShellScriptBuildPhase section */

/* Begin PBXSourcesBuildPhase section */
		1538699329DFE5CD003747DD /* Sources */ = {
			isa = PBXSourcesBuildPhase;
			buildActionMask = 2147483647;
			files = (
				1538699F29DFE5CD003747DD /* ViewController.swift in Sources */,
				1538699B29DFE5CD003747DD /* AppDelegate.swift in Sources */,
				1538699D29DFE5CD003747DD /* SceneDelegate.swift in Sources */,
			);
			runOnlyForDeploymentPostprocessing = 0;
		};
/* End PBXSourcesBuildPhase section */

/* Begin PBXVariantGroup section */
		153869A029DFE5CD003747DD /* Main.storyboard */ = {
			isa = PBXVariantGroup;
			children = (
				153869A129DFE5CD003747DD /* Base */,
			);
			name = Main.storyboard;
			sourceTree = "<group>";
		};
		153869A529DFE5CF003747DD /* LaunchScreen.storyboard */ = {
			isa = PBXVariantGroup;
			children = (
				153869A629DFE5CF003747DD /* Base */,
			);
			name = LaunchScreen.storyboard;
			sourceTree = "<group>";
		};
/* End PBXVariantGroup section */

/* Begin XCBuildConfiguration section */
		153869A929DFE5CF003747DD /* Debug */ = {
			isa = XCBuildConfiguration;
			buildSettings = {
				ALWAYS_SEARCH_USER_PATHS = NO;
				CLANG_ANALYZER_NONNULL = YES;
				CLANG_ANALYZER_NUMBER_OBJECT_CONVERSION = YES_AGGRESSIVE;
				CLANG_CXX_LANGUAGE_STANDARD = "gnu++20";
				CLANG_ENABLE_MODULES = YES;
				CLANG_ENABLE_OBJC_ARC = YES;
				CLANG_ENABLE_OBJC_WEAK = YES;
				CLANG_WARN_BLOCK_CAPTURE_AUTORELEASING = YES;
				CLANG_WARN_BOOL_CONVERSION = YES;
				CLANG_WARN_COMMA = YES;
				CLANG_WARN_CONSTANT_CONVERSION = YES;
				CLANG_WARN_DEPRECATED_OBJC_IMPLEMENTATIONS = YES;
				CLANG_WARN_DIRECT_OBJC_ISA_USAGE = YES_ERROR;
				CLANG_WARN_DOCUMENTATION_COMMENTS = YES;
				CLANG_WARN_EMPTY_BODY = YES;
				CLANG_WARN_ENUM_CONVERSION = YES;
				CLANG_WARN_INFINITE_RECURSION = YES;
				CLANG_WARN_INT_CONVERSION = YES;
				CLANG_WARN_NON_LITERAL_NULL_CONVERSION = YES;
				CLANG_WARN_OBJC_IMPLICIT_RETAIN_SELF = YES;
				CLANG_WARN_OBJC_LITERAL_CONVERSION = YES;
				CLANG_WARN_OBJC_ROOT_CLASS = YES_ERROR;
				CLANG_WARN_QUOTED_INCLUDE_IN_FRAMEWORK_HEADER = YES;
				CLANG_WARN_RANGE_LOOP_ANALYSIS = YES;
				CLANG_WARN_STRICT_PROTOTYPES = YES;
				CLANG_WARN_SUSPICIOUS_MOVE = YES;
				CLANG_WARN_UNGUARDED_AVAILABILITY = YES_AGGRESSIVE;
				CLANG_WARN_UNREACHABLE_CODE = YES;
				CLANG_WARN__DUPLICATE_METHOD_MATCH = YES;
				COPY_PHASE_STRIP = NO;
				DEBUG_INFORMATION_FORMAT = dwarf;
				ENABLE_STRICT_OBJC_MSGSEND = YES;
				ENABLE_TESTABILITY = YES;
				GCC_C_LANGUAGE_STANDARD = gnu11;
				GCC_DYNAMIC_NO_PIC = NO;
				GCC_NO_COMMON_BLOCKS = YES;
				GCC_OPTIMIZATION_LEVEL = 0;
				GCC_PREPROCESSOR_DEFINITIONS = (
					"DEBUG=1",
					"$(inherited)",
				);
				GCC_WARN_64_TO_32_BIT_CONVERSION = YES;
				GCC_WARN_ABOUT_RETURN_TYPE = YES_ERROR;
				GCC_WARN_UNDECLARED_SELECTOR = YES;
				GCC_WARN_UNINITIALIZED_AUTOS = YES_AGGRESSIVE;
				GCC_WARN_UNUSED_FUNCTION = YES;
				GCC_WARN_UNUSED_VARIABLE = YES;
				IPHONEOS_DEPLOYMENT_TARGET = 16.1;
				MTL_ENABLE_DEBUG_INFO = INCLUDE_SOURCE;
				MTL_FAST_MATH = YES;
				ONLY_ACTIVE_ARCH = YES;
				SDKROOT = iphoneos;
				SWIFT_ACTIVE_COMPILATION_CONDITIONS = DEBUG;
				SWIFT_OPTIMIZATION_LEVEL = "-Onone";
			};
			name = Debug;
		};
		153869AA29DFE5CF003747DD /* Release */ = {
			isa = XCBuildConfiguration;
			buildSettings = {
				ALWAYS_SEARCH_USER_PATHS = NO;
				CLANG_ANALYZER_NONNULL = YES;
				CLANG_ANALYZER_NUMBER_OBJECT_CONVERSION = YES_AGGRESSIVE;
				CLANG_CXX_LANGUAGE_STANDARD = "gnu++20";
				CLANG_ENABLE_MODULES = YES;
				CLANG_ENABLE_OBJC_ARC = YES;
				CLANG_ENABLE_OBJC_WEAK = YES;
				CLANG_WARN_BLOCK_CAPTURE_AUTORELEASING = YES;
				CLANG_WARN_BOOL_CONVERSION = YES;
				CLANG_WARN_COMMA = YES;
				CLANG_WARN_CONSTANT_CONVERSION = YES;
				CLANG_WARN_DEPRECATED_OBJC_IMPLEMENTATIONS = YES;
				CLANG_WARN_DIRECT_OBJC_ISA_USAGE = YES_ERROR;
				CLANG_WARN_DOCUMENTATION_COMMENTS = YES;
				CLANG_WARN_EMPTY_BODY = YES;
				CLANG_WARN_ENUM_CONVERSION = YES;
				CLANG_WARN_INFINITE_RECURSION = YES;
				CLANG_WARN_INT_CONVERSION = YES;
				CLANG_WARN_NON_LITERAL_NULL_CONVERSION = YES;
				CLANG_WARN_OBJC_IMPLICIT_RETAIN_SELF = YES;
				CLANG_WARN_OBJC_LITERAL_CONVERSION = YES;
				CLANG_WARN_OBJC_ROOT_CLASS = YES_ERROR;
				CLANG_WARN_QUOTED_INCLUDE_IN_FRAMEWORK_HEADER = YES;
				CLANG_WARN_RANGE_LOOP_ANALYSIS = YES;
				CLANG_WARN_STRICT_PROTOTYPES = YES;
				CLANG_WARN_SUSPICIOUS_MOVE = YES;
				CLANG_WARN_UNGUARDED_AVAILABILITY = YES_AGGRESSIVE;
				CLANG_WARN_UNREACHABLE_CODE = YES;
				CLANG_WARN__DUPLICATE_METHOD_MATCH = YES;
				COPY_PHASE_STRIP = NO;
				DEBUG_INFORMATION_FORMAT = "dwarf-with-dsym";
				ENABLE_NS_ASSERTIONS = NO;
				ENABLE_STRICT_OBJC_MSGSEND = YES;
				GCC_C_LANGUAGE_STANDARD = gnu11;
				GCC_NO_COMMON_BLOCKS = YES;
				GCC_WARN_64_TO_32_BIT_CONVERSION = YES;
				GCC_WARN_ABOUT_RETURN_TYPE = YES_ERROR;
				GCC_WARN_UNDECLARED_SELECTOR = YES;
				GCC_WARN_UNINITIALIZED_AUTOS = YES_AGGRESSIVE;
				GCC_WARN_UNUSED_FUNCTION = YES;
				GCC_WARN_UNUSED_VARIABLE = YES;
				IPHONEOS_DEPLOYMENT_TARGET = 16.1;
				MTL_ENABLE_DEBUG_INFO = NO;
				MTL_FAST_MATH = YES;
				SDKROOT = iphoneos;
				SWIFT_COMPILATION_MODE = wholemodule;
				SWIFT_OPTIMIZATION_LEVEL = "-O";
				VALIDATE_PRODUCT = YES;
			};
			name = Release;
		};
		153869AC29DFE5CF003747DD /* Debug */ = {
			isa = XCBuildConfiguration;
			baseConfigurationReference = 0813A4E8FA6977349BC42C66 /* Pods-authenticationFire.debug.xcconfig */;
			buildSettings = {
				ASSETCATALOG_COMPILER_APPICON_NAME = AppIcon;
				ASSETCATALOG_COMPILER_GLOBAL_ACCENT_COLOR_NAME = AccentColor;
				CODE_SIGN_STYLE = Automatic;
				CURRENT_PROJECT_VERSION = 1;
				GENERATE_INFOPLIST_FILE = YES;
				INFOPLIST_FILE = authenticationFire/Info.plist;
				INFOPLIST_KEY_UIApplicationSupportsIndirectInputEvents = YES;
				INFOPLIST_KEY_UILaunchStoryboardName = LaunchScreen;
				INFOPLIST_KEY_UIMainStoryboardFile = Main;
				INFOPLIST_KEY_UISupportedInterfaceOrientations_iPad = "UIInterfaceOrientationPortrait UIInterfaceOrientationPortraitUpsideDown UIInterfaceOrientationLandscapeLeft UIInterfaceOrientationLandscapeRight";
				INFOPLIST_KEY_UISupportedInterfaceOrientations_iPhone = "UIInterfaceOrientationPortrait UIInterfaceOrientationLandscapeLeft UIInterfaceOrientationLandscapeRight";
				LD_RUNPATH_SEARCH_PATHS = (
					"$(inherited)",
					"@executable_path/Frameworks",
				);
				MARKETING_VERSION = 1.0;
				PRODUCT_BUNDLE_IDENTIFIER = "com.PEPUL-TECH-PRIVATE-LIMITED.authenticationFire";
				PRODUCT_NAME = "$(TARGET_NAME)";
				SWIFT_EMIT_LOC_STRINGS = YES;
				SWIFT_VERSION = 5.0;
				TARGETED_DEVICE_FAMILY = "1,2";
			};
			name = Debug;
		};
		153869AD29DFE5CF003747DD /* Release */ = {
			isa = XCBuildConfiguration;
			baseConfigurationReference = A873C5EEED662856528B74A5 /* Pods-authenticationFire.release.xcconfig */;
			buildSettings = {
				ASSETCATALOG_COMPILER_APPICON_NAME = AppIcon;
				ASSETCATALOG_COMPILER_GLOBAL_ACCENT_COLOR_NAME = AccentColor;
				CODE_SIGN_STYLE = Automatic;
				CURRENT_PROJECT_VERSION = 1;
				GENERATE_INFOPLIST_FILE = YES;
				INFOPLIST_FILE = authenticationFire/Info.plist;
				INFOPLIST_KEY_UIApplicationSupportsIndirectInputEvents = YES;
				INFOPLIST_KEY_UILaunchStoryboardName = LaunchScreen;
				INFOPLIST_KEY_UIMainStoryboardFile = Main;
				INFOPLIST_KEY_UISupportedInterfaceOrientations_iPad = "UIInterfaceOrientationPortrait UIInterfaceOrientationPortraitUpsideDown UIInterfaceOrientationLandscapeLeft UIInterfaceOrientationLandscapeRight";
				INFOPLIST_KEY_UISupportedInterfaceOrientations_iPhone = "UIInterfaceOrientationPortrait UIInterfaceOrientationLandscapeLeft UIInterfaceOrientationLandscapeRight";
				LD_RUNPATH_SEARCH_PATHS = (
					"$(inherited)",
					"@executable_path/Frameworks",
				);
				MARKETING_VERSION = 1.0;
				PRODUCT_BUNDLE_IDENTIFIER = "com.PEPUL-TECH-PRIVATE-LIMITED.authenticationFire";
				PRODUCT_NAME = "$(TARGET_NAME)";
				SWIFT_EMIT_LOC_STRINGS = YES;
				SWIFT_VERSION = 5.0;
				TARGETED_DEVICE_FAMILY = "1,2";
			};
			name = Release;
		};
/* End XCBuildConfiguration section */

/* Begin XCConfigurationList section */
		1538699229DFE5CD003747DD /* Build configuration list for PBXProject "authenticationFire" */ = {
			isa = XCConfigurationList;
			buildConfigurations = (
				153869A929DFE5CF003747DD /* Debug */,
				153869AA29DFE5CF003747DD /* Release */,
			);
			defaultConfigurationIsVisible = 0;
			defaultConfigurationName = Release;
		};
		153869AB29DFE5CF003747DD /* Build configuration list for PBXNativeTarget "authenticationFire" */ = {
			isa = XCConfigurationList;
			buildConfigurations = (
				153869AC29DFE5CF003747DD /* Debug */,
				153869AD29DFE5CF003747DD /* Release */,
			);
			defaultConfigurationIsVisible = 0;
			defaultConfigurationName = Release;
		};
/* End XCConfigurationList section */
	};
	rootObject = 1538698F29DFE5CD003747DD /* Project object */;
}
